
Microsoft Visual Studio Solution File, Format Version 12.00
# Visual Studio Version 16
VisualStudioVersion = 16.0.31005.135
MinimumVisualStudioVersion = 10.0.40219.1
Project("{8BC9CEB8-8B4A-11D0-8D11-00A0C91BC942}") = "siaod333", "siaod333\siaod333.vcxproj", "{78BD4954-4A25-468F-AD2D-2FE1B7CAB42A}"
EndProject
Global
	GlobalSection(SolutionConfigurationPlatforms) = preSolution
		Debug|x64 = Debug|x64
		Debug|x86 = Debug|x86
		Release|x64 = Release|x64
		Release|x86 = Release|x86
	EndGlobalSection
	GlobalSection(ProjectConfigurationPlatforms) = postSolution
		{78BD4954-4A25-468F-AD2D-2FE1B7CAB42A}.Debug|x64.ActiveCfg = Debug|x64
		{78BD4954-4A25-468F-AD2D-2FE1B7CAB42A}.Debug|x64.Build.0 = Debug|x64
		{78BD4954-4A25-468F-AD2D-2FE1B7CAB42A}.Debug|x86.ActiveCfg = Debug|Win32
		{78BD4954-4A25-468F-AD2D-2FE1B7CAB42A}.Debug|x86.Build.0 = Debug|Win32
		{78BD4954-4A25-468F-AD2D-2FE1B7CAB42A}.Release|x64.ActiveCfg = Release|x64
		{78BD4954-4A25-468F-AD2D-2FE1B7CAB42A}.Release|x64.Build.0 = Release|x64
		{78BD4954-4A25-468F-AD2D-2FE1B7CAB42A}.Release|x86.ActiveCfg = Release|Win32
		{78BD4954-4A25-468F-AD2D-2FE1B7CAB42A}.Release|x86.Build.0 = Release|Win32
	EndGlobalSection
	GlobalSection(SolutionProperties) = preSolution
		HideSolutionNode = FALSE
	EndGlobalSection
	GlobalSection(ExtensibilityGlobals) = postSolution
		SolutionGuid = {C98DEE27-4BDA-4B8C-94F2-FA0C4AB57595}
	EndGlobalSection
EndGlobal
